{
  "version": 4,
  "terraform_version": "1.5.7",
  "serial": 30,
  "lineage": "cc5093f9-01ed-8cba-a4e1-e9cc5f888515",
  "outputs": {},
  "resources": [
    {
      "mode": "managed",
      "type": "aws_eip",
      "name": "aws_eip",
      "provider": "provider[\"registry.terraform.io/hashicorp/aws\"]",
      "instances": [
        {
          "schema_version": 0,
          "attributes": {
            "address": null,
            "allocation_id": "eipalloc-0c16dd378f83721f4",
            "associate_with_private_ip": null,
            "association_id": "eipassoc-0003154563a091217",
            "carrier_ip": "",
            "customer_owned_ip": "",
            "customer_owned_ipv4_pool": "",
            "domain": "vpc",
            "id": "eipalloc-0c16dd378f83721f4",
            "instance": "",
            "network_border_group": "us-east-1",
            "network_interface": "eni-0e9a0ea05ce1fa084",
            "private_dns": "ip-10-0-101-140.ec2.internal",
            "private_ip": "10.0.101.140",
            "public_dns": "ec2-34-227-40-92.compute-1.amazonaws.com",
            "public_ip": "34.227.40.92",
            "public_ipv4_pool": "amazon",
            "tags": {
              "name": "nat-eip"
            },
            "tags_all": {
              "name": "nat-eip"
            },
            "timeouts": null,
            "vpc": true
          },
          "sensitive_attributes": [],
          "private": "eyJlMmJmYjczMC1lY2FhLTExZTYtOGY4OC0zNDM2M2JjN2M0YzAiOnsiZGVsZXRlIjoxODAwMDAwMDAwMDAsInJlYWQiOjkwMDAwMDAwMDAwMCwidXBkYXRlIjozMDAwMDAwMDAwMDB9fQ=="
        }
      ]
    },
    {
      "mode": "managed",
      "type": "aws_instance",
      "name": "app",
      "provider": "provider[\"registry.terraform.io/hashicorp/aws\"]",
      "instances": [
        {
          "schema_version": 1,
          "attributes": {
            "ami": "ami-03a6eaae9938c858c",
            "arn": "arn:aws:ec2:us-east-1:255105036815:instance/i-001f2a16a5d15eba1",
            "associate_public_ip_address": false,
            "availability_zone": "us-east-1a",
            "capacity_reservation_specification": [
              {
                "capacity_reservation_preference": "open",
                "capacity_reservation_target": []
              }
            ],
            "cpu_core_count": 1,
            "cpu_options": [
              {
                "amd_sev_snp": "",
                "core_count": 1,
                "threads_per_core": 1
              }
            ],
            "cpu_threads_per_core": 1,
            "credit_specification": [
              {
                "cpu_credits": "standard"
              }
            ],
            "disable_api_stop": false,
            "disable_api_termination": false,
            "ebs_block_device": [],
            "ebs_optimized": false,
            "enclave_options": [
              {
                "enabled": false
              }
            ],
            "ephemeral_block_device": [],
            "get_password_data": false,
            "hibernation": false,
            "host_id": "",
            "host_resource_group_arn": null,
            "iam_instance_profile": "",
            "id": "i-001f2a16a5d15eba1",
            "instance_initiated_shutdown_behavior": "stop",
            "instance_lifecycle": "",
            "instance_market_options": [],
            "instance_state": "running",
            "instance_type": "t2.micro",
            "ipv6_address_count": 0,
            "ipv6_addresses": [],
            "key_name": "aws_keys_pairs",
            "launch_template": [],
            "maintenance_options": [
              {
                "auto_recovery": "default"
              }
            ],
            "metadata_options": [
              {
                "http_endpoint": "enabled",
                "http_protocol_ipv6": "disabled",
                "http_put_response_hop_limit": 2,
                "http_tokens": "required",
                "instance_metadata_tags": "disabled"
              }
            ],
            "monitoring": false,
            "network_interface": [],
            "outpost_arn": "",
            "password_data": "",
            "placement_group": "",
            "placement_partition_number": 0,
            "primary_network_interface_id": "eni-0fde630cfa725851e",
            "private_dns": "ip-10-0-1-69.ec2.internal",
            "private_dns_name_options": [
              {
                "enable_resource_name_dns_a_record": false,
                "enable_resource_name_dns_aaaa_record": false,
                "hostname_type": "ip-name"
              }
            ],
            "private_ip": "10.0.1.69",
            "public_dns": "",
            "public_ip": "",
            "root_block_device": [
              {
                "delete_on_termination": true,
                "device_name": "/dev/xvda",
                "encrypted": false,
                "iops": 3000,
                "kms_key_id": "",
                "tags": {},
                "throughput": 125,
                "volume_id": "vol-0832d6e44f87ed99d",
                "volume_size": 8,
                "volume_type": "gp3"
              }
            ],
            "secondary_private_ips": [],
            "security_groups": [],
            "source_dest_check": true,
            "spot_instance_request_id": "",
            "subnet_id": "subnet-08e748b5d82b0f422",
            "tags": {
              "Name": "private-ec2"
            },
            "tags_all": {
              "Name": "private-ec2"
            },
            "tenancy": "default",
            "timeouts": null,
            "user_data": null,
            "user_data_base64": null,
            "user_data_replace_on_change": false,
            "volume_tags": null,
            "vpc_security_group_ids": [
              "sg-0a16423f214ffb39e"
            ]
          },
          "sensitive_attributes": [],
          "private": "eyJlMmJmYjczMC1lY2FhLTExZTYtOGY4OC0zNDM2M2JjN2M0YzAiOnsiY3JlYXRlIjo2MDAwMDAwMDAwMDAsImRlbGV0ZSI6MTIwMDAwMDAwMDAwMCwidXBkYXRlIjo2MDAwMDAwMDAwMDB9LCJzY2hlbWFfdmVyc2lvbiI6IjEifQ==",
          "dependencies": [
            "aws_key_pair.generated_key_pair",
            "aws_security_group.second_security_group",
            "aws_subnet.first-private-subnet",
            "aws_vpc.myvpc",
            "module.mynetwork.aws_subnet.private_subnets",
            "module.mynetwork.aws_vpc.myvpc",
            "tls_private_key.terrafrom_generated_private_key"
          ]
        }
      ]
    },
    {
      "mode": "managed",
      "type": "aws_instance",
      "name": "bastion-instance",
      "provider": "provider[\"registry.terraform.io/hashicorp/aws\"]",
      "instances": [
        {
          "schema_version": 1,
          "attributes": {
            "ami": "ami-03a6eaae9938c858c",
            "arn": "arn:aws:ec2:us-east-1:255105036815:instance/i-01d5720c1d7599666",
            "associate_public_ip_address": true,
            "availability_zone": "us-east-1a",
            "capacity_reservation_specification": [
              {
                "capacity_reservation_preference": "open",
                "capacity_reservation_target": []
              }
            ],
            "cpu_core_count": 1,
            "cpu_options": [
              {
                "amd_sev_snp": "",
                "core_count": 1,
                "threads_per_core": 1
              }
            ],
            "cpu_threads_per_core": 1,
            "credit_specification": [
              {
                "cpu_credits": "standard"
              }
            ],
            "disable_api_stop": false,
            "disable_api_termination": false,
            "ebs_block_device": [],
            "ebs_optimized": false,
            "enclave_options": [
              {
                "enabled": false
              }
            ],
            "ephemeral_block_device": [],
            "get_password_data": false,
            "hibernation": false,
            "host_id": "",
            "host_resource_group_arn": null,
            "iam_instance_profile": "",
            "id": "i-01d5720c1d7599666",
            "instance_initiated_shutdown_behavior": "stop",
            "instance_lifecycle": "",
            "instance_market_options": [],
            "instance_state": "running",
            "instance_type": "t2.micro",
            "ipv6_address_count": 0,
            "ipv6_addresses": [],
            "key_name": "aws_keys_pairs",
            "launch_template": [],
            "maintenance_options": [
              {
                "auto_recovery": "default"
              }
            ],
            "metadata_options": [
              {
                "http_endpoint": "enabled",
                "http_protocol_ipv6": "disabled",
                "http_put_response_hop_limit": 2,
                "http_tokens": "required",
                "instance_metadata_tags": "disabled"
              }
            ],
            "monitoring": false,
            "network_interface": [],
            "outpost_arn": "",
            "password_data": "",
            "placement_group": "",
            "placement_partition_number": 0,
            "primary_network_interface_id": "eni-053fe0106dff1b9fa",
            "private_dns": "ip-10-0-101-21.ec2.internal",
            "private_dns_name_options": [
              {
                "enable_resource_name_dns_a_record": false,
                "enable_resource_name_dns_aaaa_record": false,
                "hostname_type": "ip-name"
              }
            ],
            "private_ip": "10.0.101.21",
            "public_dns": "",
            "public_ip": "44.214.6.40",
            "root_block_device": [
              {
                "delete_on_termination": true,
                "device_name": "/dev/xvda",
                "encrypted": false,
                "iops": 3000,
                "kms_key_id": "",
                "tags": {},
                "throughput": 125,
                "volume_id": "vol-0d60951e405ae6c23",
                "volume_size": 8,
                "volume_type": "gp3"
              }
            ],
            "secondary_private_ips": [],
            "security_groups": [],
            "source_dest_check": true,
            "spot_instance_request_id": "",
            "subnet_id": "subnet-0155012f7081b2795",
            "tags": {
              "Name": "public-ec2"
            },
            "tags_all": {
              "Name": "public-ec2"
            },
            "tenancy": "default",
            "timeouts": null,
            "user_data": "8bc421af46e3765a1769ee3745a295aedcb640c1",
            "user_data_base64": null,
            "user_data_replace_on_change": false,
            "volume_tags": null,
            "vpc_security_group_ids": [
              "sg-0183c800b1b7e5a7a"
            ]
          },
          "sensitive_attributes": [
            [
              {
                "type": "get_attr",
                "value": "user_data"
              }
            ]
          ],
          "private": "eyJlMmJmYjczMC1lY2FhLTExZTYtOGY4OC0zNDM2M2JjN2M0YzAiOnsiY3JlYXRlIjo2MDAwMDAwMDAwMDAsImRlbGV0ZSI6MTIwMDAwMDAwMDAwMCwidXBkYXRlIjo2MDAwMDAwMDAwMDB9LCJzY2hlbWFfdmVyc2lvbiI6IjEifQ==",
          "dependencies": [
            "aws_key_pair.generated_key_pair",
            "aws_security_group.first_security_group",
            "aws_subnet.mysubnet",
            "aws_vpc.myvpc",
            "module.mynetwork.aws_subnet.public_subnets",
            "module.mynetwork.aws_vpc.myvpc",
            "tls_private_key.terrafrom_generated_private_key"
          ]
        }
      ]
    },
    {
      "mode": "managed",
      "type": "aws_internet_gateway",
      "name": "gw",
      "provider": "provider[\"registry.terraform.io/hashicorp/aws\"]",
      "instances": [
        {
          "schema_version": 0,
          "attributes": {
            "arn": "arn:aws:ec2:us-east-1:255105036815:internet-gateway/igw-07005186d9c2ef0b4",
            "id": "igw-07005186d9c2ef0b4",
            "owner_id": "255105036815",
            "tags": {
              "Name": "gw"
            },
            "tags_all": {
              "Name": "gw"
            },
            "timeouts": null,
            "vpc_id": "vpc-0af8df723ded74323"
          },
          "sensitive_attributes": [],
          "private": "eyJlMmJmYjczMC1lY2FhLTExZTYtOGY4OC0zNDM2M2JjN2M0YzAiOnsiY3JlYXRlIjoxMjAwMDAwMDAwMDAwLCJkZWxldGUiOjEyMDAwMDAwMDAwMDAsInVwZGF0ZSI6MTIwMDAwMDAwMDAwMH19",
          "dependencies": [
            "aws_vpc.myvpc"
          ]
        }
      ]
    },
    {
      "mode": "managed",
      "type": "aws_key_pair",
      "name": "generated_key_pair",
      "provider": "provider[\"registry.terraform.io/hashicorp/aws\"]",
      "instances": [
        {
          "schema_version": 1,
          "attributes": {
            "arn": "arn:aws:ec2:us-east-1:255105036815:key-pair/aws_keys_pairs",
            "fingerprint": "43:81:47:c6:62:37:87:3d:50:3f:9c:cf:5e:e3:67:41",
            "id": "aws_keys_pairs",
            "key_name": "aws_keys_pairs",
            "key_name_prefix": "",
            "key_pair_id": "key-00f42da4c738a32b7",
            "key_type": "rsa",
            "public_key": "ssh-rsa AAAAB3NzaC1yc2EAAAADAQABAAACAQC4jkuIlNUjezp0s5c9b9FQMACWyvY2ODNgHD9UiyOk9ZSNf7jUr+q4KbZRR97cViUguM1ImYQH5rYvP8NEBsGuUbLzbCUxA+yz1RKzfIaOBWPF15VWW1IqreqT1lthKqkIlxXZjGvmh8OcaCP3X8lQbX/oNOcptS7JL+2WR6wJfSLnjVa/6KEHRjyw3TThhU5MoKoUc79gRgQp76tnPHThxP01IL0BMPaHDd2G/dqf4KCWE654AJojaRMqykuMSHmUe1VXRvPz+bg//VWlJrqjTwogwRwICYo3EFJVJVpNx/ZrDzELA5177+rKDyW9sskJo2/b89ywfV+ilGMnMkymeDRvaOyK87GboD79Ni76jFt5twVFOzMajE+vo4vvA66nmgt6Z5PUNg0g3MmS5jXyN8PCqLBM+416ZhnVsN+9rALwYv7MMELdnnZex7XtCZhMa7nxe3w/HlIW73YWHOhr1456fMsajN4W6v+oTEpClqisTJ1L7pwbaJpIw8GndHQvZFD/i8LjqGg542eTpxYNuCu09uADvFx7kMRl/h8BlyeLcMpk49yyOY7+T9jl1PQiYuTmP2rm4i1q1IY1U8uh5eohbYZrIzrPClGT8wK0qkx/ssFbXj7gzeXu3UImLrCBnNawcuyFFrYwfZP050OfeZlvmLuPZAxKAny4NFqxUQ==",
            "tags": {},
            "tags_all": {}
          },
          "sensitive_attributes": [],
          "private": "eyJzY2hlbWFfdmVyc2lvbiI6IjEifQ==",
          "dependencies": [
            "tls_private_key.terrafrom_generated_private_key"
          ]
        }
      ]
    },
    {
      "mode": "managed",
      "type": "aws_nat_gateway",
      "name": "natgw",
      "provider": "provider[\"registry.terraform.io/hashicorp/aws\"]",
      "instances": [
        {
          "schema_version": 0,
          "attributes": {
            "allocation_id": "eipalloc-0c16dd378f83721f4",
            "association_id": "eipassoc-0003154563a091217",
            "connectivity_type": "public",
            "id": "nat-0e5cc818bd8822bbb",
            "network_interface_id": "eni-0e9a0ea05ce1fa084",
            "private_ip": "10.0.101.140",
            "public_ip": "34.227.40.92",
            "secondary_allocation_ids": [],
            "secondary_private_ip_address_count": 0,
            "secondary_private_ip_addresses": [],
            "subnet_id": "subnet-0155012f7081b2795",
            "tags": {
              "Name": "natgw"
            },
            "tags_all": {
              "Name": "natgw"
            },
            "timeouts": null
          },
          "sensitive_attributes": [],
          "private": "eyJlMmJmYjczMC1lY2FhLTExZTYtOGY4OC0zNDM2M2JjN2M0YzAiOnsiY3JlYXRlIjo2MDAwMDAwMDAwMDAsImRlbGV0ZSI6MTgwMDAwMDAwMDAwMCwidXBkYXRlIjo2MDAwMDAwMDAwMDB9fQ==",
          "dependencies": [
            "aws_eip.aws_eip",
            "aws_subnet.mysubnet",
            "aws_vpc.myvpc"
          ]
        }
      ]
    },
    {
      "mode": "managed",
      "type": "aws_security_group",
      "name": "first_security_group",
      "provider": "provider[\"registry.terraform.io/hashicorp/aws\"]",
      "instances": [
        {
          "schema_version": 1,
          "attributes": {
            "arn": "arn:aws:ec2:us-east-1:255105036815:security-group/sg-0183c800b1b7e5a7a",
            "description": "Managed by Terraform",
            "egress": [
              {
                "cidr_blocks": [
                  "0.0.0.0/0"
                ],
                "description": "",
                "from_port": 0,
                "ipv6_cidr_blocks": [],
                "prefix_list_ids": [],
                "protocol": "-1",
                "security_groups": [],
                "self": false,
                "to_port": 0
              }
            ],
            "id": "sg-0183c800b1b7e5a7a",
            "ingress": [
              {
                "cidr_blocks": [
                  "0.0.0.0/0"
                ],
                "description": "",
                "from_port": 22,
                "ipv6_cidr_blocks": [],
                "prefix_list_ids": [],
                "protocol": "tcp",
                "security_groups": [],
                "self": false,
                "to_port": 22
              }
            ],
            "name": "terraform-20231002093125280900000001",
            "name_prefix": "terraform-",
            "owner_id": "255105036815",
            "revoke_rules_on_delete": false,
            "tags": {
              "Name": "first_security_group"
            },
            "tags_all": {
              "Name": "first_security_group"
            },
            "timeouts": null,
            "vpc_id": "vpc-0af8df723ded74323"
          },
          "sensitive_attributes": [],
          "private": "eyJlMmJmYjczMC1lY2FhLTExZTYtOGY4OC0zNDM2M2JjN2M0YzAiOnsiY3JlYXRlIjo2MDAwMDAwMDAwMDAsImRlbGV0ZSI6OTAwMDAwMDAwMDAwfSwic2NoZW1hX3ZlcnNpb24iOiIxIn0=",
          "dependencies": [
            "aws_vpc.myvpc",
            "module.mynetwork.aws_vpc.myvpc"
          ]
        }
      ]
    },
    {
      "mode": "managed",
      "type": "aws_security_group",
      "name": "second_security_group",
      "provider": "provider[\"registry.terraform.io/hashicorp/aws\"]",
      "instances": [
        {
          "schema_version": 1,
          "attributes": {
            "arn": "arn:aws:ec2:us-east-1:255105036815:security-group/sg-0a16423f214ffb39e",
            "description": "Managed by Terraform",
            "egress": [
              {
                "cidr_blocks": [
                  "0.0.0.0/0"
                ],
                "description": "",
                "from_port": 0,
                "ipv6_cidr_blocks": [],
                "prefix_list_ids": [],
                "protocol": "-1",
                "security_groups": [],
                "self": false,
                "to_port": 0
              }
            ],
            "id": "sg-0a16423f214ffb39e",
            "ingress": [
              {
                "cidr_blocks": [
                  "0.0.0.0/0"
                ],
                "description": "",
                "from_port": 22,
                "ipv6_cidr_blocks": [],
                "prefix_list_ids": [],
                "protocol": "tcp",
                "security_groups": [],
                "self": false,
                "to_port": 22
              }
            ],
            "name": "terraform-20231002093125283800000002",
            "name_prefix": "terraform-",
            "owner_id": "255105036815",
            "revoke_rules_on_delete": false,
            "tags": {
              "Name": "second_security_group"
            },
            "tags_all": {
              "Name": "second_security_group"
            },
            "timeouts": null,
            "vpc_id": "vpc-0af8df723ded74323"
          },
          "sensitive_attributes": [],
          "private": "eyJlMmJmYjczMC1lY2FhLTExZTYtOGY4OC0zNDM2M2JjN2M0YzAiOnsiY3JlYXRlIjo2MDAwMDAwMDAwMDAsImRlbGV0ZSI6OTAwMDAwMDAwMDAwfSwic2NoZW1hX3ZlcnNpb24iOiIxIn0=",
          "dependencies": [
            "aws_vpc.myvpc",
            "module.mynetwork.aws_vpc.myvpc"
          ]
        }
      ]
    },
    {
      "mode": "managed",
      "type": "aws_subnet",
      "name": "first-private-subnet",
      "provider": "provider[\"registry.terraform.io/hashicorp/aws\"]",
      "instances": [
        {
          "schema_version": 1,
          "attributes": {
            "arn": "arn:aws:ec2:us-east-1:255105036815:subnet/subnet-08e748b5d82b0f422",
            "assign_ipv6_address_on_creation": false,
            "availability_zone": "us-east-1a",
            "availability_zone_id": "use1-az1",
            "cidr_block": "10.0.1.0/24",
            "customer_owned_ipv4_pool": "",
            "enable_dns64": false,
            "enable_lni_at_device_index": 0,
            "enable_resource_name_dns_a_record_on_launch": false,
            "enable_resource_name_dns_aaaa_record_on_launch": false,
            "id": "subnet-08e748b5d82b0f422",
            "ipv6_cidr_block": "",
            "ipv6_cidr_block_association_id": "",
            "ipv6_native": false,
            "map_customer_owned_ip_on_launch": false,
            "map_public_ip_on_launch": false,
            "outpost_arn": "",
            "owner_id": "255105036815",
            "private_dns_hostname_type_on_launch": "ip-name",
            "tags": {
              "Name": "first-private-subnet"
            },
            "tags_all": {
              "Name": "first-private-subnet"
            },
            "timeouts": null,
            "vpc_id": "vpc-0af8df723ded74323"
          },
          "sensitive_attributes": [],
          "private": "eyJlMmJmYjczMC1lY2FhLTExZTYtOGY4OC0zNDM2M2JjN2M0YzAiOnsiY3JlYXRlIjo2MDAwMDAwMDAwMDAsImRlbGV0ZSI6MTIwMDAwMDAwMDAwMH0sInNjaGVtYV92ZXJzaW9uIjoiMSJ9",
          "dependencies": [
            "aws_vpc.myvpc"
          ]
        }
      ]
    },
    {
      "mode": "managed",
      "type": "aws_subnet",
      "name": "mysubnet",
      "provider": "provider[\"registry.terraform.io/hashicorp/aws\"]",
      "instances": [
        {
          "schema_version": 1,
          "attributes": {
            "arn": "arn:aws:ec2:us-east-1:255105036815:subnet/subnet-0155012f7081b2795",
            "assign_ipv6_address_on_creation": false,
            "availability_zone": "us-east-1a",
            "availability_zone_id": "use1-az1",
            "cidr_block": "10.0.101.0/24",
            "customer_owned_ipv4_pool": "",
            "enable_dns64": false,
            "enable_lni_at_device_index": 0,
            "enable_resource_name_dns_a_record_on_launch": false,
            "enable_resource_name_dns_aaaa_record_on_launch": false,
            "id": "subnet-0155012f7081b2795",
            "ipv6_cidr_block": "",
            "ipv6_cidr_block_association_id": "",
            "ipv6_native": false,
            "map_customer_owned_ip_on_launch": false,
            "map_public_ip_on_launch": true,
            "outpost_arn": "",
            "owner_id": "255105036815",
            "private_dns_hostname_type_on_launch": "ip-name",
            "tags": {
              "Name": "mysubnet"
            },
            "tags_all": {
              "Name": "mysubnet"
            },
            "timeouts": null,
            "vpc_id": "vpc-0af8df723ded74323"
          },
          "sensitive_attributes": [],
          "private": "eyJlMmJmYjczMC1lY2FhLTExZTYtOGY4OC0zNDM2M2JjN2M0YzAiOnsiY3JlYXRlIjo2MDAwMDAwMDAwMDAsImRlbGV0ZSI6MTIwMDAwMDAwMDAwMH0sInNjaGVtYV92ZXJzaW9uIjoiMSJ9",
          "dependencies": [
            "aws_vpc.myvpc"
          ]
        }
      ]
    },
    {
      "mode": "managed",
      "type": "aws_vpc",
      "name": "myvpc",
      "provider": "provider[\"registry.terraform.io/hashicorp/aws\"]",
      "instances": [
        {
          "schema_version": 1,
          "attributes": {
            "arn": "arn:aws:ec2:us-east-1:255105036815:vpc/vpc-0af8df723ded74323",
            "assign_generated_ipv6_cidr_block": false,
            "cidr_block": "10.0.0.0/16",
            "default_network_acl_id": "acl-09bd44e1500f2c888",
            "default_route_table_id": "rtb-013cc3a7338c4c2b0",
            "default_security_group_id": "sg-0d4edc9c4db3fa823",
            "dhcp_options_id": "dopt-02384fb51392050fc",
            "enable_dns_hostnames": false,
            "enable_dns_support": true,
            "enable_network_address_usage_metrics": false,
            "id": "vpc-0af8df723ded74323",
            "instance_tenancy": "default",
            "ipv4_ipam_pool_id": null,
            "ipv4_netmask_length": null,
            "ipv6_association_id": "",
            "ipv6_cidr_block": "",
            "ipv6_cidr_block_network_border_group": "",
            "ipv6_ipam_pool_id": "",
            "ipv6_netmask_length": 0,
            "main_route_table_id": "rtb-013cc3a7338c4c2b0",
            "owner_id": "255105036815",
            "tags": {
              "Name": "myvpc"
            },
            "tags_all": {
              "Name": "myvpc"
            }
          },
          "sensitive_attributes": [],
          "private": "eyJzY2hlbWFfdmVyc2lvbiI6IjEifQ=="
        }
      ]
    },
    {
      "mode": "managed",
      "type": "local_file",
      "name": "generated_key",
      "provider": "provider[\"registry.terraform.io/hashicorp/local\"]",
      "instances": [
        {
          "schema_version": 0,
          "attributes": {
            "content": "-----BEGIN RSA PRIVATE KEY-----\nMIIJKAIBAAKCAgEAuI5LiJTVI3s6dLOXPW/RUDAAlsr2NjgzYBw/VIsjpPWUjX+4\n1K/quCm2UUfe3FYlILjNSJmEB+a2Lz/DRAbBrlGy82wlMQPss9USs3yGjgVjxdeV\nVltSKq3qk9ZbYSqpCJcV2Yxr5ofDnGgj91/JUG1/6DTnKbUuyS/tlkesCX0i541W\nv+ihB0Y8sN004YVOTKCqFHO/YEYEKe+rZzx04cT9NSC9ATD2hw3dhv3an+CglhOu\neACaI2kTKspLjEh5lHtVV0bz8/m4P/1VpSa6o08KIMEcCAmKNxBSVSVaTcf2aw8x\nCwOde+/qyg8lvbLJCaNv2/PcsH1fopRjJzJMpng0b2jsivOxm6A+/TYu+oxbebcF\nRTszGoxPr6OL7wOup5oLemeT1DYNINzJkuY18jfDwqiwTPuNemYZ1bDfvawC8GL+\nzDBC3Z52Xse17QmYTGu58Xt8Px5SFu92Fhzoa9eOenzLGozeFur/qExKQpaorEyd\nS+6cG2iaSMPBp3R0L2RQ/4vC46hoOeNnk6cWDbgrtPbgA7xce5DEZf4fAZcni3DK\nZOPcsjmO/k/Y5dT0ImLk5j9q5uItatSGNVPLoeXqIW2GayM6zwpRk/MCtKpMf7LB\nW14+4M3l7t1CJi6wgZzWsHLshRa2MH2T9OdDn3mZb5i7j2QMSgJ8uDRasVECAwEA\nAQKCAgAQTKDnIx3f0FZNUD8fMezuhA7JQouUJkqDRnthYBh5zSadiJYuUosMUMLF\nUu+fzgvhY/DdZJGAkSOt8JeyPlaEqrp/PSHbvlj9WOgZ6fmIOXmiU3Pg+Je9JTb+\nb4QKhNYA6DcJy5kL9xmTiq8Cffctnz4Yp/Nyf4nuQslc6F+NRvv6L0VmFYmDNvTN\nOfwdnsRXiCj9PWu9ePGNMpmUuIYqGleyhX2ryUM8kkDqVykjzZbhKkPSXVs/nVwP\n/2XEsfHq5ymWV7Hb7kYTgLA7sbvyCF0An412OEF4s3xSAMaE8BAXTHQsYNlbxMib\np9LReiS/MSwD5PmsrKXxmeFX6N1T///i8v/pum34k/XS20RsOsdYHt+Es3jNVqcx\nTLvfVeYcqjpfPpPeT2hfNu4cb2iBm5Fs8Yran6JyA7wyM3KjR0P3dq8AmxvuSAca\nhlYP8yTf2soNvOdjMcjxv4FzSwLiDDd/eQe4iqhJl/5hAwrLW2pONCKjq+t/Wh6O\nKQ1g2AkSuqMqxuIfPcpOX3Hq+62fQu2Uii9quxTIERdPWOow4fzgY/6oYwlGtOMw\nCLGMs+ta8DeeDvOr5oPgLJRTTk1yQYpHMEv51Dsh/Pwnnw7K+XwiuhMg0Ro3DrdU\nTnjHKmWiKW8rgLUmaJ14JgEr9gwLRzSADtVgKf8ROSDA9TCc8QKCAQEA5Ngnmr1c\n+CGba2k2pQULZFqbJ4OU3eckbg6RIm/qmjSm0n4vkMTDWibntbgiCOC9KSOk6HTh\nGJfZ/aVsBhkhPcEN7JMJLi8WwxaXBh4kvDCPG3jHpIBckZkAGOwGWPaL6l4ECatr\nlHVwF15Djtx+MpwgxFdejjxAR9yhx+V01erobClMiJfR1LWAu8RBwc0fqw1hc4Cw\nfNxBQ7TNWpriHbkuRBMgTzz5WhbnNochFchcsQtIeeHkN+0svX7J++GYkgd94auZ\nKG4Gv6eRNEO6cRJf1ltq9zevN3P+WiQ2lAgiAOU5VHI0g7EYMpzcPwsOWnjwR8wG\nPO36SYQoTiAMlwKCAQEAznS929t3H3135PBdm0etu2UNsxVB1eNd/jVx1fpmWJr5\nKDENlWN16Tn3Xr0URPcKxT9Rz3S8Rim+kIRtOKB0Al70kWFa4xfIzgtHEsWuEK+c\nxoczFeq4NulojdyO8uigzoOgta41rS6cjZJ86jKSDGazla5+g0OU0e2VqcpsDhYo\njWPJ68Z8gyHSBdV1CBxkvR1JywamHKtu8I99B5VhojinFndiOlKCSVvrZ80Eudxi\n/leoczEiD0focQ7a3L8FTatohNCkU2SoFmDquBfgjuUEhJCgElPKwdx8unG4+Rix\nCFW8eepXv/Zgf6DZtX1US4sIz4ufHk53soO0QigmVwKCAQEAl4Vri7BwGzcdUhxC\n+zaA2XyImLwt2FOQMnLgs/2IR3wvLNYyJlexxUJXT2HQ3zH27YNVUDj7Ra5dvu1F\nvi/ra5kk4AxnGrZBCwEtE/bneddpGdZ50bjQEfNNNjMo7MSp1Y9UexaOT6kGg+J9\nNt1VjasEoxv6VpEcOriiQdny5yT3qY4ax6JGY+GdkDWdGHX5zuc4LCL8OGAZsnvH\nMIO2zdlsAdTsIqsLqxPZGaiVRnf4r5z56wGfe0xFwF5v3J/9xkrBladp7HQVcdbA\ndOuXSgDRhfvXskKjeEMMGaE6pf9QjGk58WkAzmV20SQ9TFzErzC+X7t+Md+cRgsE\nKN5dlwKCAQBiynoPOnVGHEPCyUIBi8sWYMStbP6T2rifa/OM8MUIoR+Ym+BkG7PQ\nZmx4aQHJ/myo9iOvoax15oPJo5SgBCd++vEMoAldoYP1FHBuCym/0kiytv86/ZYo\nsIfXWjMNCUPpjhLY3QPSWvuOwwoDBy/bv0kv1s+zACO2UHnNRY9vLis5fQaiS9hI\n52YYZIwb1XpfBCTLgeL61Q3BDuhFOLX/ahyKI5ZdUh4F/HYotXINfefgzRFODbS+\nmyoe73zLJJzlDaB17WC0hvXnv3iRnttVhUEkLhBqtK3RFjCZBtH8YFRWKLCHphtX\nQA3tBIsozVAI1f7hUW5Skjm0slEPVycBAoIBAGNH7HdtHderTZj0ddRKBq8ceKpC\naXsNIfYNkfYmMeflzWU/FURA9fgo1jerSDofFPcHHc7v66VZ4oxav+Ojhuyl8u13\nwSQUAbMbu+knNrL/MqDBNUOQ1xEC86PW0wg8nJzGAzDCsz3/8oDEOr4dRZUqwT7H\nI3WtRB3tWGhh60z8At2Lijr8ybWMJ+63ut7yqbrQVjNMmgUqz0OtXru3G3PzVgSB\nGn9u4qTjo2G3SxZvPHez5oSWhONwaCFLRXB+v8oQAsDfkaqoz2/XB8htlQ5vaL42\nNEg/r5KH1nc5nCYE73igE+LONywNa1zCIOAedm/AF7yiJWByVT8RV1TOUV8=\n-----END RSA PRIVATE KEY-----\n",
            "content_base64": null,
            "content_base64sha256": "F1qTCK/Td6w0NlucfX+3XUpD6YL3kMK8UZe3ovDUhjM=",
            "content_base64sha512": "IerzdiwIfwLpWF19zS9QyR3gINOTcxX2QaevD95e7QDP/BUTyPAlV/LmZnxeCH8X+wQwUR6RSBF66n2JQ3dhvw==",
            "content_md5": "14561652ce35849ac001f1ff20270108",
            "content_sha1": "3135d35b4b155e01880d74ccc45552f88f8d2a97",
            "content_sha256": "175a9308afd377ac34365b9c7d7fb75d4a43e982f790c2bc5197b7a2f0d48633",
            "content_sha512": "21eaf3762c087f02e9585d7dcd2f50c91de020d3937315f641a7af0fde5eed00cffc1513c8f02557f2e6667c5e087f17fb0430511e9148117aea7d89437761bf",
            "directory_permission": "0777",
            "file_permission": "0777",
            "filename": "keys_pairs.pem",
            "id": "3135d35b4b155e01880d74ccc45552f88f8d2a97",
            "sensitive_content": null,
            "source": null
          },
          "sensitive_attributes": [
            [
              {
                "type": "get_attr",
                "value": "content"
              }
            ]
          ],
          "dependencies": [
            "tls_private_key.terrafrom_generated_private_key"
          ]
        }
      ]
    },
    {
      "mode": "managed",
      "type": "tls_private_key",
      "name": "terrafrom_generated_private_key",
      "provider": "provider[\"registry.terraform.io/hashicorp/tls\"]",
      "instances": [
        {
          "schema_version": 1,
          "attributes": {
            "algorithm": "RSA",
            "ecdsa_curve": "P224",
            "id": "e0d9d7019ed122b5c7866d3a76eb107c336d2460",
            "private_key_openssh": "-----BEGIN OPENSSH PRIVATE KEY-----\nb3BlbnNzaC1rZXktdjEAAAAABG5vbmUAAAAEbm9uZQAAAAAAAAABAAACFwAAAAdz\nc2gtcnNhAAAAAwEAAQAAAgEAuI5LiJTVI3s6dLOXPW/RUDAAlsr2NjgzYBw/VIsj\npPWUjX+41K/quCm2UUfe3FYlILjNSJmEB+a2Lz/DRAbBrlGy82wlMQPss9USs3yG\njgVjxdeVVltSKq3qk9ZbYSqpCJcV2Yxr5ofDnGgj91/JUG1/6DTnKbUuyS/tlkes\nCX0i541Wv+ihB0Y8sN004YVOTKCqFHO/YEYEKe+rZzx04cT9NSC9ATD2hw3dhv3a\nn+CglhOueACaI2kTKspLjEh5lHtVV0bz8/m4P/1VpSa6o08KIMEcCAmKNxBSVSVa\nTcf2aw8xCwOde+/qyg8lvbLJCaNv2/PcsH1fopRjJzJMpng0b2jsivOxm6A+/TYu\n+oxbebcFRTszGoxPr6OL7wOup5oLemeT1DYNINzJkuY18jfDwqiwTPuNemYZ1bDf\nvawC8GL+zDBC3Z52Xse17QmYTGu58Xt8Px5SFu92Fhzoa9eOenzLGozeFur/qExK\nQpaorEydS+6cG2iaSMPBp3R0L2RQ/4vC46hoOeNnk6cWDbgrtPbgA7xce5DEZf4f\nAZcni3DKZOPcsjmO/k/Y5dT0ImLk5j9q5uItatSGNVPLoeXqIW2GayM6zwpRk/MC\ntKpMf7LBW14+4M3l7t1CJi6wgZzWsHLshRa2MH2T9OdDn3mZb5i7j2QMSgJ8uDRa\nsVEAAAc4p7ZonKe2aJwAAAAHc3NoLXJzYQAAAgEAuI5LiJTVI3s6dLOXPW/RUDAA\nlsr2NjgzYBw/VIsjpPWUjX+41K/quCm2UUfe3FYlILjNSJmEB+a2Lz/DRAbBrlGy\n82wlMQPss9USs3yGjgVjxdeVVltSKq3qk9ZbYSqpCJcV2Yxr5ofDnGgj91/JUG1/\n6DTnKbUuyS/tlkesCX0i541Wv+ihB0Y8sN004YVOTKCqFHO/YEYEKe+rZzx04cT9\nNSC9ATD2hw3dhv3an+CglhOueACaI2kTKspLjEh5lHtVV0bz8/m4P/1VpSa6o08K\nIMEcCAmKNxBSVSVaTcf2aw8xCwOde+/qyg8lvbLJCaNv2/PcsH1fopRjJzJMpng0\nb2jsivOxm6A+/TYu+oxbebcFRTszGoxPr6OL7wOup5oLemeT1DYNINzJkuY18jfD\nwqiwTPuNemYZ1bDfvawC8GL+zDBC3Z52Xse17QmYTGu58Xt8Px5SFu92Fhzoa9eO\nenzLGozeFur/qExKQpaorEydS+6cG2iaSMPBp3R0L2RQ/4vC46hoOeNnk6cWDbgr\ntPbgA7xce5DEZf4fAZcni3DKZOPcsjmO/k/Y5dT0ImLk5j9q5uItatSGNVPLoeXq\nIW2GayM6zwpRk/MCtKpMf7LBW14+4M3l7t1CJi6wgZzWsHLshRa2MH2T9OdDn3mZ\nb5i7j2QMSgJ8uDRasVEAAAADAQABAAACABBMoOcjHd/QVk1QPx8x7O6EDslCi5Qm\nSoNGe2FgGHnNJp2Ili5SiwxQwsVS75/OC+Fj8N1kkYCRI63wl7I+VoSqun89Idu+\nWP1Y6Bnp+Yg5eaJTc+D4l70lNv5vhAqE1gDoNwnLmQv3GZOKrwJ99y2fPhin83J/\nie5CyVzoX41G+/ovRWYViYM29M05/B2exFeIKP09a7148Y0ymZS4hioaV7KFfavJ\nQzySQOpXKSPNluEqQ9JdWz+dXA//ZcSx8ernKZZXsdvuRhOAsDuxu/IIXQCfjXY4\nQXizfFIAxoTwEBdMdCxg2VvEyJun0tF6JL8xLAPk+ayspfGZ4Vfo3VP//+Ly/+m6\nbfiT9dLbRGw6x1ge34SzeM1WpzFMu99V5hyqOl8+k95PaF827hxvaIGbkWzxitqf\nonIDvDIzcqNHQ/d2rwCbG+5IBxqGVg/zJN/ayg2852MxyPG/gXNLAuIMN395B7iK\nqEmX/mEDCstbak40IqOr639aHo4pDWDYCRK6oyrG4h89yk5fcer7rZ9C7ZSKL2q7\nFMgRF09Y6jDh/OBj/qhjCUa04zAIsYyz61rwN54O86vmg+AslFNOTXJBikcwS/nU\nOyH8/CefDsr5fCK6EyDRGjcOt1ROeMcqZaIpbyuAtSZonXgmASv2DAtHNIAO1WAp\n/xE5IMD1MJzxAAABAGNH7HdtHderTZj0ddRKBq8ceKpCaXsNIfYNkfYmMeflzWU/\nFURA9fgo1jerSDofFPcHHc7v66VZ4oxav+Ojhuyl8u13wSQUAbMbu+knNrL/MqDB\nNUOQ1xEC86PW0wg8nJzGAzDCsz3/8oDEOr4dRZUqwT7HI3WtRB3tWGhh60z8At2L\nijr8ybWMJ+63ut7yqbrQVjNMmgUqz0OtXru3G3PzVgSBGn9u4qTjo2G3SxZvPHez\n5oSWhONwaCFLRXB+v8oQAsDfkaqoz2/XB8htlQ5vaL42NEg/r5KH1nc5nCYE73ig\nE+LONywNa1zCIOAedm/AF7yiJWByVT8RV1TOUV8AAAEBAOTYJ5q9XPghm2tpNqUF\nC2RamyeDlN3nJG4OkSJv6po0ptJ+L5DEw1om57W4IgjgvSkjpOh04RiX2f2lbAYZ\nIT3BDeyTCS4vFsMWlwYeJLwwjxt4x6SAXJGZABjsBlj2i+peBAmra5R1cBdeQ47c\nfjKcIMRXXo48QEfcocfldNXq6GwpTIiX0dS1gLvEQcHNH6sNYXOAsHzcQUO0zVqa\n4h25LkQTIE88+VoW5zaHIRXIXLELSHnh5DftLL1+yfvhmJIHfeGrmShuBr+nkTRD\nunESX9Zbavc3rzdz/lokNpQIIgDlOVRyNIOxGDKc3D8LDlp48EfMBjzt+kmEKE4g\nDJcAAAEBAM50vdvbdx99d+TwXZtHrbtlDbMVQdXjXf41cdX6Zlia+SgxDZVjdek5\n9169FET3CsU/Uc90vEYpvpCEbTigdAJe9JFhWuMXyM4LRxLFrhCvnMaHMxXquDbp\naI3cjvLooM6DoLWuNa0unI2SfOoykgxms5WufoNDlNHtlanKbA4WKI1jyevGfIMh\n0gXVdQgcZL0dScsGphyrbvCPfQeVYaI4pxZ3YjpSgklb62fNBLncYv5XqHMxIg9H\n6HEO2ty/BU2raITQpFNkqBZg6rgX4I7lBISQoBJTysHcfLpxuPkYsQhVvHnqV7/2\nYH+g2bV9VEuLCM+Lnx5Od7KDtEIoJlcAAAAAAQID\n-----END OPENSSH PRIVATE KEY-----\n",
            "private_key_pem": "-----BEGIN RSA PRIVATE KEY-----\nMIIJKAIBAAKCAgEAuI5LiJTVI3s6dLOXPW/RUDAAlsr2NjgzYBw/VIsjpPWUjX+4\n1K/quCm2UUfe3FYlILjNSJmEB+a2Lz/DRAbBrlGy82wlMQPss9USs3yGjgVjxdeV\nVltSKq3qk9ZbYSqpCJcV2Yxr5ofDnGgj91/JUG1/6DTnKbUuyS/tlkesCX0i541W\nv+ihB0Y8sN004YVOTKCqFHO/YEYEKe+rZzx04cT9NSC9ATD2hw3dhv3an+CglhOu\neACaI2kTKspLjEh5lHtVV0bz8/m4P/1VpSa6o08KIMEcCAmKNxBSVSVaTcf2aw8x\nCwOde+/qyg8lvbLJCaNv2/PcsH1fopRjJzJMpng0b2jsivOxm6A+/TYu+oxbebcF\nRTszGoxPr6OL7wOup5oLemeT1DYNINzJkuY18jfDwqiwTPuNemYZ1bDfvawC8GL+\nzDBC3Z52Xse17QmYTGu58Xt8Px5SFu92Fhzoa9eOenzLGozeFur/qExKQpaorEyd\nS+6cG2iaSMPBp3R0L2RQ/4vC46hoOeNnk6cWDbgrtPbgA7xce5DEZf4fAZcni3DK\nZOPcsjmO/k/Y5dT0ImLk5j9q5uItatSGNVPLoeXqIW2GayM6zwpRk/MCtKpMf7LB\nW14+4M3l7t1CJi6wgZzWsHLshRa2MH2T9OdDn3mZb5i7j2QMSgJ8uDRasVECAwEA\nAQKCAgAQTKDnIx3f0FZNUD8fMezuhA7JQouUJkqDRnthYBh5zSadiJYuUosMUMLF\nUu+fzgvhY/DdZJGAkSOt8JeyPlaEqrp/PSHbvlj9WOgZ6fmIOXmiU3Pg+Je9JTb+\nb4QKhNYA6DcJy5kL9xmTiq8Cffctnz4Yp/Nyf4nuQslc6F+NRvv6L0VmFYmDNvTN\nOfwdnsRXiCj9PWu9ePGNMpmUuIYqGleyhX2ryUM8kkDqVykjzZbhKkPSXVs/nVwP\n/2XEsfHq5ymWV7Hb7kYTgLA7sbvyCF0An412OEF4s3xSAMaE8BAXTHQsYNlbxMib\np9LReiS/MSwD5PmsrKXxmeFX6N1T///i8v/pum34k/XS20RsOsdYHt+Es3jNVqcx\nTLvfVeYcqjpfPpPeT2hfNu4cb2iBm5Fs8Yran6JyA7wyM3KjR0P3dq8AmxvuSAca\nhlYP8yTf2soNvOdjMcjxv4FzSwLiDDd/eQe4iqhJl/5hAwrLW2pONCKjq+t/Wh6O\nKQ1g2AkSuqMqxuIfPcpOX3Hq+62fQu2Uii9quxTIERdPWOow4fzgY/6oYwlGtOMw\nCLGMs+ta8DeeDvOr5oPgLJRTTk1yQYpHMEv51Dsh/Pwnnw7K+XwiuhMg0Ro3DrdU\nTnjHKmWiKW8rgLUmaJ14JgEr9gwLRzSADtVgKf8ROSDA9TCc8QKCAQEA5Ngnmr1c\n+CGba2k2pQULZFqbJ4OU3eckbg6RIm/qmjSm0n4vkMTDWibntbgiCOC9KSOk6HTh\nGJfZ/aVsBhkhPcEN7JMJLi8WwxaXBh4kvDCPG3jHpIBckZkAGOwGWPaL6l4ECatr\nlHVwF15Djtx+MpwgxFdejjxAR9yhx+V01erobClMiJfR1LWAu8RBwc0fqw1hc4Cw\nfNxBQ7TNWpriHbkuRBMgTzz5WhbnNochFchcsQtIeeHkN+0svX7J++GYkgd94auZ\nKG4Gv6eRNEO6cRJf1ltq9zevN3P+WiQ2lAgiAOU5VHI0g7EYMpzcPwsOWnjwR8wG\nPO36SYQoTiAMlwKCAQEAznS929t3H3135PBdm0etu2UNsxVB1eNd/jVx1fpmWJr5\nKDENlWN16Tn3Xr0URPcKxT9Rz3S8Rim+kIRtOKB0Al70kWFa4xfIzgtHEsWuEK+c\nxoczFeq4NulojdyO8uigzoOgta41rS6cjZJ86jKSDGazla5+g0OU0e2VqcpsDhYo\njWPJ68Z8gyHSBdV1CBxkvR1JywamHKtu8I99B5VhojinFndiOlKCSVvrZ80Eudxi\n/leoczEiD0focQ7a3L8FTatohNCkU2SoFmDquBfgjuUEhJCgElPKwdx8unG4+Rix\nCFW8eepXv/Zgf6DZtX1US4sIz4ufHk53soO0QigmVwKCAQEAl4Vri7BwGzcdUhxC\n+zaA2XyImLwt2FOQMnLgs/2IR3wvLNYyJlexxUJXT2HQ3zH27YNVUDj7Ra5dvu1F\nvi/ra5kk4AxnGrZBCwEtE/bneddpGdZ50bjQEfNNNjMo7MSp1Y9UexaOT6kGg+J9\nNt1VjasEoxv6VpEcOriiQdny5yT3qY4ax6JGY+GdkDWdGHX5zuc4LCL8OGAZsnvH\nMIO2zdlsAdTsIqsLqxPZGaiVRnf4r5z56wGfe0xFwF5v3J/9xkrBladp7HQVcdbA\ndOuXSgDRhfvXskKjeEMMGaE6pf9QjGk58WkAzmV20SQ9TFzErzC+X7t+Md+cRgsE\nKN5dlwKCAQBiynoPOnVGHEPCyUIBi8sWYMStbP6T2rifa/OM8MUIoR+Ym+BkG7PQ\nZmx4aQHJ/myo9iOvoax15oPJo5SgBCd++vEMoAldoYP1FHBuCym/0kiytv86/ZYo\nsIfXWjMNCUPpjhLY3QPSWvuOwwoDBy/bv0kv1s+zACO2UHnNRY9vLis5fQaiS9hI\n52YYZIwb1XpfBCTLgeL61Q3BDuhFOLX/ahyKI5ZdUh4F/HYotXINfefgzRFODbS+\nmyoe73zLJJzlDaB17WC0hvXnv3iRnttVhUEkLhBqtK3RFjCZBtH8YFRWKLCHphtX\nQA3tBIsozVAI1f7hUW5Skjm0slEPVycBAoIBAGNH7HdtHderTZj0ddRKBq8ceKpC\naXsNIfYNkfYmMeflzWU/FURA9fgo1jerSDofFPcHHc7v66VZ4oxav+Ojhuyl8u13\nwSQUAbMbu+knNrL/MqDBNUOQ1xEC86PW0wg8nJzGAzDCsz3/8oDEOr4dRZUqwT7H\nI3WtRB3tWGhh60z8At2Lijr8ybWMJ+63ut7yqbrQVjNMmgUqz0OtXru3G3PzVgSB\nGn9u4qTjo2G3SxZvPHez5oSWhONwaCFLRXB+v8oQAsDfkaqoz2/XB8htlQ5vaL42\nNEg/r5KH1nc5nCYE73igE+LONywNa1zCIOAedm/AF7yiJWByVT8RV1TOUV8=\n-----END RSA PRIVATE KEY-----\n",
            "private_key_pem_pkcs8": "-----BEGIN PRIVATE KEY-----\nMIIJQgIBADANBgkqhkiG9w0BAQEFAASCCSwwggkoAgEAAoICAQC4jkuIlNUjezp0\ns5c9b9FQMACWyvY2ODNgHD9UiyOk9ZSNf7jUr+q4KbZRR97cViUguM1ImYQH5rYv\nP8NEBsGuUbLzbCUxA+yz1RKzfIaOBWPF15VWW1IqreqT1lthKqkIlxXZjGvmh8Oc\naCP3X8lQbX/oNOcptS7JL+2WR6wJfSLnjVa/6KEHRjyw3TThhU5MoKoUc79gRgQp\n76tnPHThxP01IL0BMPaHDd2G/dqf4KCWE654AJojaRMqykuMSHmUe1VXRvPz+bg/\n/VWlJrqjTwogwRwICYo3EFJVJVpNx/ZrDzELA5177+rKDyW9sskJo2/b89ywfV+i\nlGMnMkymeDRvaOyK87GboD79Ni76jFt5twVFOzMajE+vo4vvA66nmgt6Z5PUNg0g\n3MmS5jXyN8PCqLBM+416ZhnVsN+9rALwYv7MMELdnnZex7XtCZhMa7nxe3w/HlIW\n73YWHOhr1456fMsajN4W6v+oTEpClqisTJ1L7pwbaJpIw8GndHQvZFD/i8LjqGg5\n42eTpxYNuCu09uADvFx7kMRl/h8BlyeLcMpk49yyOY7+T9jl1PQiYuTmP2rm4i1q\n1IY1U8uh5eohbYZrIzrPClGT8wK0qkx/ssFbXj7gzeXu3UImLrCBnNawcuyFFrYw\nfZP050OfeZlvmLuPZAxKAny4NFqxUQIDAQABAoICABBMoOcjHd/QVk1QPx8x7O6E\nDslCi5QmSoNGe2FgGHnNJp2Ili5SiwxQwsVS75/OC+Fj8N1kkYCRI63wl7I+VoSq\nun89Idu+WP1Y6Bnp+Yg5eaJTc+D4l70lNv5vhAqE1gDoNwnLmQv3GZOKrwJ99y2f\nPhin83J/ie5CyVzoX41G+/ovRWYViYM29M05/B2exFeIKP09a7148Y0ymZS4hioa\nV7KFfavJQzySQOpXKSPNluEqQ9JdWz+dXA//ZcSx8ernKZZXsdvuRhOAsDuxu/II\nXQCfjXY4QXizfFIAxoTwEBdMdCxg2VvEyJun0tF6JL8xLAPk+ayspfGZ4Vfo3VP/\n/+Ly/+m6bfiT9dLbRGw6x1ge34SzeM1WpzFMu99V5hyqOl8+k95PaF827hxvaIGb\nkWzxitqfonIDvDIzcqNHQ/d2rwCbG+5IBxqGVg/zJN/ayg2852MxyPG/gXNLAuIM\nN395B7iKqEmX/mEDCstbak40IqOr639aHo4pDWDYCRK6oyrG4h89yk5fcer7rZ9C\n7ZSKL2q7FMgRF09Y6jDh/OBj/qhjCUa04zAIsYyz61rwN54O86vmg+AslFNOTXJB\nikcwS/nUOyH8/CefDsr5fCK6EyDRGjcOt1ROeMcqZaIpbyuAtSZonXgmASv2DAtH\nNIAO1WAp/xE5IMD1MJzxAoIBAQDk2CeavVz4IZtraTalBQtkWpsng5Td5yRuDpEi\nb+qaNKbSfi+QxMNaJue1uCII4L0pI6TodOEYl9n9pWwGGSE9wQ3skwkuLxbDFpcG\nHiS8MI8beMekgFyRmQAY7AZY9ovqXgQJq2uUdXAXXkOO3H4ynCDEV16OPEBH3KHH\n5XTV6uhsKUyIl9HUtYC7xEHBzR+rDWFzgLB83EFDtM1amuIduS5EEyBPPPlaFuc2\nhyEVyFyxC0h54eQ37Sy9fsn74ZiSB33hq5kobga/p5E0Q7pxEl/WW2r3N683c/5a\nJDaUCCIA5TlUcjSDsRgynNw/Cw5aePBHzAY87fpJhChOIAyXAoIBAQDOdL3b23cf\nfXfk8F2bR627ZQ2zFUHV413+NXHV+mZYmvkoMQ2VY3XpOfdevRRE9wrFP1HPdLxG\nKb6QhG04oHQCXvSRYVrjF8jOC0cSxa4Qr5zGhzMV6rg26WiN3I7y6KDOg6C1rjWt\nLpyNknzqMpIMZrOVrn6DQ5TR7ZWpymwOFiiNY8nrxnyDIdIF1XUIHGS9HUnLBqYc\nq27wj30HlWGiOKcWd2I6UoJJW+tnzQS53GL+V6hzMSIPR+hxDtrcvwVNq2iE0KRT\nZKgWYOq4F+CO5QSEkKASU8rB3Hy6cbj5GLEIVbx56le/9mB/oNm1fVRLiwjPi58e\nTneyg7RCKCZXAoIBAQCXhWuLsHAbNx1SHEL7NoDZfIiYvC3YU5AycuCz/YhHfC8s\n1jImV7HFQldPYdDfMfbtg1VQOPtFrl2+7UW+L+trmSTgDGcatkELAS0T9ud512kZ\n1nnRuNAR8002MyjsxKnVj1R7Fo5PqQaD4n023VWNqwSjG/pWkRw6uKJB2fLnJPep\njhrHokZj4Z2QNZ0YdfnO5zgsIvw4YBmye8cwg7bN2WwB1OwiqwurE9kZqJVGd/iv\nnPnrAZ97TEXAXm/cn/3GSsGVp2nsdBVx1sB065dKANGF+9eyQqN4QwwZoTql/1CM\naTnxaQDOZXbRJD1MXMSvML5fu34x35xGCwQo3l2XAoIBAGLKeg86dUYcQ8LJQgGL\nyxZgxK1s/pPauJ9r84zwxQihH5ib4GQbs9BmbHhpAcn+bKj2I6+hrHXmg8mjlKAE\nJ3768QygCV2hg/UUcG4LKb/SSLK2/zr9liiwh9daMw0JQ+mOEtjdA9Ja+47DCgMH\nL9u/SS/Wz7MAI7ZQec1Fj28uKzl9BqJL2EjnZhhkjBvVel8EJMuB4vrVDcEO6EU4\ntf9qHIojll1SHgX8dii1cg195+DNEU4NtL6bKh7vfMsknOUNoHXtYLSG9ee/eJGe\n21WFQSQuEGq0rdEWMJkG0fxgVFYosIemG1dADe0EiyjNUAjV/uFRblKSObSyUQ9X\nJwECggEAY0fsd20d16tNmPR11EoGrxx4qkJpew0h9g2R9iYx5+XNZT8VRED1+CjW\nN6tIOh8U9wcdzu/rpVnijFq/46OG7KXy7XfBJBQBsxu76Sc2sv8yoME1Q5DXEQLz\no9bTCDycnMYDMMKzPf/ygMQ6vh1FlSrBPscjda1EHe1YaGHrTPwC3YuKOvzJtYwn\n7re63vKputBWM0yaBSrPQ61eu7cbc/NWBIEaf27ipOOjYbdLFm88d7PmhJaE43Bo\nIUtFcH6/yhACwN+RqqjPb9cHyG2VDm9ovjY0SD+vkofWdzmcJgTveKAT4s43LA1r\nXMIg4B52b8AXvKIlYHJVPxFXVM5RXw==\n-----END PRIVATE KEY-----\n",
            "public_key_fingerprint_md5": "79:26:dd:8d:1c:1c:bf:25:20:82:cf:1a:6b:83:24:64",
            "public_key_fingerprint_sha256": "SHA256:Dazw4GlN9f7Kolco9wSOqng0fMjDK9zELVWRgwJMKPU",
            "public_key_openssh": "ssh-rsa AAAAB3NzaC1yc2EAAAADAQABAAACAQC4jkuIlNUjezp0s5c9b9FQMACWyvY2ODNgHD9UiyOk9ZSNf7jUr+q4KbZRR97cViUguM1ImYQH5rYvP8NEBsGuUbLzbCUxA+yz1RKzfIaOBWPF15VWW1IqreqT1lthKqkIlxXZjGvmh8OcaCP3X8lQbX/oNOcptS7JL+2WR6wJfSLnjVa/6KEHRjyw3TThhU5MoKoUc79gRgQp76tnPHThxP01IL0BMPaHDd2G/dqf4KCWE654AJojaRMqykuMSHmUe1VXRvPz+bg//VWlJrqjTwogwRwICYo3EFJVJVpNx/ZrDzELA5177+rKDyW9sskJo2/b89ywfV+ilGMnMkymeDRvaOyK87GboD79Ni76jFt5twVFOzMajE+vo4vvA66nmgt6Z5PUNg0g3MmS5jXyN8PCqLBM+416ZhnVsN+9rALwYv7MMELdnnZex7XtCZhMa7nxe3w/HlIW73YWHOhr1456fMsajN4W6v+oTEpClqisTJ1L7pwbaJpIw8GndHQvZFD/i8LjqGg542eTpxYNuCu09uADvFx7kMRl/h8BlyeLcMpk49yyOY7+T9jl1PQiYuTmP2rm4i1q1IY1U8uh5eohbYZrIzrPClGT8wK0qkx/ssFbXj7gzeXu3UImLrCBnNawcuyFFrYwfZP050OfeZlvmLuPZAxKAny4NFqxUQ==\n",
            "public_key_pem": "-----BEGIN PUBLIC KEY-----\nMIICIjANBgkqhkiG9w0BAQEFAAOCAg8AMIICCgKCAgEAuI5LiJTVI3s6dLOXPW/R\nUDAAlsr2NjgzYBw/VIsjpPWUjX+41K/quCm2UUfe3FYlILjNSJmEB+a2Lz/DRAbB\nrlGy82wlMQPss9USs3yGjgVjxdeVVltSKq3qk9ZbYSqpCJcV2Yxr5ofDnGgj91/J\nUG1/6DTnKbUuyS/tlkesCX0i541Wv+ihB0Y8sN004YVOTKCqFHO/YEYEKe+rZzx0\n4cT9NSC9ATD2hw3dhv3an+CglhOueACaI2kTKspLjEh5lHtVV0bz8/m4P/1VpSa6\no08KIMEcCAmKNxBSVSVaTcf2aw8xCwOde+/qyg8lvbLJCaNv2/PcsH1fopRjJzJM\npng0b2jsivOxm6A+/TYu+oxbebcFRTszGoxPr6OL7wOup5oLemeT1DYNINzJkuY1\n8jfDwqiwTPuNemYZ1bDfvawC8GL+zDBC3Z52Xse17QmYTGu58Xt8Px5SFu92Fhzo\na9eOenzLGozeFur/qExKQpaorEydS+6cG2iaSMPBp3R0L2RQ/4vC46hoOeNnk6cW\nDbgrtPbgA7xce5DEZf4fAZcni3DKZOPcsjmO/k/Y5dT0ImLk5j9q5uItatSGNVPL\noeXqIW2GayM6zwpRk/MCtKpMf7LBW14+4M3l7t1CJi6wgZzWsHLshRa2MH2T9OdD\nn3mZb5i7j2QMSgJ8uDRasVECAwEAAQ==\n-----END PUBLIC KEY-----\n",
            "rsa_bits": 4096
          },
          "sensitive_attributes": []
        }
      ]
    },
    {
      "module": "module.mynetwork",
      "mode": "managed",
      "type": "aws_eip",
      "name": "aws_eip",
      "provider": "provider[\"registry.terraform.io/hashicorp/aws\"]",
      "instances": [
        {
          "schema_version": 0,
          "attributes": {
            "address": null,
            "allocation_id": "eipalloc-007c2b682c3ab489f",
            "associate_with_private_ip": null,
            "association_id": "",
            "carrier_ip": "",
            "customer_owned_ip": "",
            "customer_owned_ipv4_pool": "",
            "domain": "vpc",
            "id": "eipalloc-007c2b682c3ab489f",
            "instance": "",
            "network_border_group": "us-east-1",
            "network_interface": "",
            "private_dns": null,
            "private_ip": "",
            "public_dns": "ec2-44-219-210-144.compute-1.amazonaws.com",
            "public_ip": "44.219.210.144",
            "public_ipv4_pool": "amazon",
            "tags": {
              "name": "nat-eip"
            },
            "tags_all": {
              "name": "nat-eip"
            },
            "timeouts": null,
            "vpc": true
          },
          "sensitive_attributes": [],
          "private": "eyJlMmJmYjczMC1lY2FhLTExZTYtOGY4OC0zNDM2M2JjN2M0YzAiOnsiZGVsZXRlIjoxODAwMDAwMDAwMDAsInJlYWQiOjkwMDAwMDAwMDAwMCwidXBkYXRlIjozMDAwMDAwMDAwMDB9fQ=="
        }
      ]
    },
    {
      "module": "module.mynetwork",
      "mode": "managed",
      "type": "aws_internet_gateway",
      "name": "gw",
      "provider": "provider[\"registry.terraform.io/hashicorp/aws\"]",
      "instances": []
    },
    {
      "module": "module.mynetwork",
      "mode": "managed",
      "type": "aws_nat_gateway",
      "name": "natgw",
      "provider": "provider[\"registry.terraform.io/hashicorp/aws\"]",
      "instances": []
    },
    {
      "module": "module.mynetwork",
      "mode": "managed",
      "type": "aws_route_table",
      "name": "my_prv_route_table",
      "provider": "provider[\"registry.terraform.io/hashicorp/aws\"]",
      "instances": []
    },
    {
      "module": "module.mynetwork",
      "mode": "managed",
      "type": "aws_route_table",
      "name": "my_pub_route_table",
      "provider": "provider[\"registry.terraform.io/hashicorp/aws\"]",
      "instances": []
    },
    {
      "module": "module.mynetwork",
      "mode": "managed",
      "type": "aws_route_table_association",
      "name": "private-subnet-association1a",
      "provider": "provider[\"registry.terraform.io/hashicorp/aws\"]",
      "instances": []
    },
    {
      "module": "module.mynetwork",
      "mode": "managed",
      "type": "aws_route_table_association",
      "name": "public-subnet-association1a",
      "provider": "provider[\"registry.terraform.io/hashicorp/aws\"]",
      "instances": []
    },
    {
      "module": "module.mynetwork",
      "mode": "managed",
      "type": "aws_subnet",
      "name": "private_subnets",
      "provider": "provider[\"registry.terraform.io/hashicorp/aws\"]",
      "instances": []
    },
    {
      "module": "module.mynetwork",
      "mode": "managed",
      "type": "aws_subnet",
      "name": "public_subnets",
      "provider": "provider[\"registry.terraform.io/hashicorp/aws\"]",
      "instances": []
    },
    {
      "module": "module.mynetwork",
      "mode": "managed",
      "type": "aws_vpc",
      "name": "myvpc",
      "provider": "provider[\"registry.terraform.io/hashicorp/aws\"]",
      "instances": []
    }
  ],
  "check_results": null
}
